// !$*UTF8*$!
{
	archiveVersion = 1;
	classes = {
	};
	objectVersion = 56;
	objects = {

/* Begin PBXBuildFile section */
		764380D62AD01C3E006954AA /* CompactExerciseListItem.swift in Sources */ = {isa = PBXBuildFile; fileRef = 764380D52AD01C3E006954AA /* CompactExerciseListItem.swift */; };
		764F28A52AD94F950086D034 /* ProfileSettings.swift in Sources */ = {isa = PBXBuildFile; fileRef = 764F28A42AD94F950086D034 /* ProfileSettings.swift */; };
		765CDA4B2AD8804400D02FCF /* ProfileView.swift in Sources */ = {isa = PBXBuildFile; fileRef = 765CDA4A2AD8804400D02FCF /* ProfileView.swift */; };
		765CDA4F2AD882CD00D02FCF /* ProfileForm.swift in Sources */ = {isa = PBXBuildFile; fileRef = 765CDA4E2AD882CD00D02FCF /* ProfileForm.swift */; };
		765CDA512AD8875600D02FCF /* ProfileStats.swift in Sources */ = {isa = PBXBuildFile; fileRef = 765CDA502AD8875600D02FCF /* ProfileStats.swift */; };
		765CDA532AD88F1200D02FCF /* ProfileCategories.swift in Sources */ = {isa = PBXBuildFile; fileRef = 765CDA522AD88F1200D02FCF /* ProfileCategories.swift */; };
		765CDA552AD89C9C00D02FCF /* CustomCategory.swift in Sources */ = {isa = PBXBuildFile; fileRef = 765CDA542AD89C9C00D02FCF /* CustomCategory.swift */; };
		766535992AD41E9000C0D4B7 /* ExerciseForm.swift in Sources */ = {isa = PBXBuildFile; fileRef = 766535982AD41E9000C0D4B7 /* ExerciseForm.swift */; };
		7665359B2AD420DF00C0D4B7 /* ExerciseCategories.swift in Sources */ = {isa = PBXBuildFile; fileRef = 7665359A2AD420DF00C0D4B7 /* ExerciseCategories.swift */; };
		7665359D2AD4230E00C0D4B7 /* WorkoutForm.swift in Sources */ = {isa = PBXBuildFile; fileRef = 7665359C2AD4230E00C0D4B7 /* WorkoutForm.swift */; };
		7665359F2AD4235900C0D4B7 /* WorkoutCategories.swift in Sources */ = {isa = PBXBuildFile; fileRef = 7665359E2AD4235900C0D4B7 /* WorkoutCategories.swift */; };
		766535A22AD425DB00C0D4B7 /* DateExtension.swift in Sources */ = {isa = PBXBuildFile; fileRef = 766535A12AD425DB00C0D4B7 /* DateExtension.swift */; };
		766535A42AD4433200C0D4B7 /* NumberFormatExtension.swift in Sources */ = {isa = PBXBuildFile; fileRef = 766535A32AD4433200C0D4B7 /* NumberFormatExtension.swift */; };
		766535A72AD473AF00C0D4B7 /* TabsView.swift in Sources */ = {isa = PBXBuildFile; fileRef = 766535A62AD473AF00C0D4B7 /* TabsView.swift */; };
		766535A92AD48C3600C0D4B7 /* WorkoutInfoItem.swift in Sources */ = {isa = PBXBuildFile; fileRef = 766535A82AD48C3600C0D4B7 /* WorkoutInfoItem.swift */; };
		766535AB2AD49BDD00C0D4B7 /* EditWorkout.swift in Sources */ = {isa = PBXBuildFile; fileRef = 766535AA2AD49BDD00C0D4B7 /* EditWorkout.swift */; };
		76746B682ACEB0A8006A22B1 /* Weight_TrainingApp.swift in Sources */ = {isa = PBXBuildFile; fileRef = 76746B672ACEB0A8006A22B1 /* Weight_TrainingApp.swift */; };
		76746B6A2ACEB0A8006A22B1 /* ContentView.swift in Sources */ = {isa = PBXBuildFile; fileRef = 76746B692ACEB0A8006A22B1 /* ContentView.swift */; };
		76746B6C2ACEB0A8006A22B1 /* Exercise.swift in Sources */ = {isa = PBXBuildFile; fileRef = 76746B6B2ACEB0A8006A22B1 /* Exercise.swift */; };
		76746B6E2ACEB0A9006A22B1 /* Assets.xcassets in Resources */ = {isa = PBXBuildFile; fileRef = 76746B6D2ACEB0A9006A22B1 /* Assets.xcassets */; };
		76746B722ACEB0A9006A22B1 /* Preview Assets.xcassets in Resources */ = {isa = PBXBuildFile; fileRef = 76746B712ACEB0A9006A22B1 /* Preview Assets.xcassets */; };
		76746B7C2ACEB28A006A22B1 /* PersonalBestList.swift in Sources */ = {isa = PBXBuildFile; fileRef = 76746B7B2ACEB28A006A22B1 /* PersonalBestList.swift */; };
		76746B7E2ACEB3D7006A22B1 /* CreateExercise.swift in Sources */ = {isa = PBXBuildFile; fileRef = 76746B7D2ACEB3D7006A22B1 /* CreateExercise.swift */; };
		76746B802ACEB76E006A22B1 /* ExerciseListItem.swift in Sources */ = {isa = PBXBuildFile; fileRef = 76746B7F2ACEB76E006A22B1 /* ExerciseListItem.swift */; };
		76746B822ACEF806006A22B1 /* CustomModifiers.swift in Sources */ = {isa = PBXBuildFile; fileRef = 76746B812ACEF806006A22B1 /* CustomModifiers.swift */; };
		76746B852ACF02E9006A22B1 /* EditExercise.swift in Sources */ = {isa = PBXBuildFile; fileRef = 76746B842ACF02E9006A22B1 /* EditExercise.swift */; };
		76943C0E2ACF4D3D0050035D /* WorkoutListItem.swift in Sources */ = {isa = PBXBuildFile; fileRef = 76943C0D2ACF4D3D0050035D /* WorkoutListItem.swift */; };
		76943C102ACF62010050035D /* AllExercises.swift in Sources */ = {isa = PBXBuildFile; fileRef = 76943C0F2ACF62010050035D /* AllExercises.swift */; };
		76E495902ACF3F200090BB50 /* WorkoutList.swift in Sources */ = {isa = PBXBuildFile; fileRef = 76E4958F2ACF3F200090BB50 /* WorkoutList.swift */; };
		76E495922ACF3FC70090BB50 /* Workout.swift in Sources */ = {isa = PBXBuildFile; fileRef = 76E495912ACF3FC70090BB50 /* Workout.swift */; };
		76E495942ACF40C10090BB50 /* CreateWorkout.swift in Sources */ = {isa = PBXBuildFile; fileRef = 76E495932ACF40C10090BB50 /* CreateWorkout.swift */; };
		76E495962ACF47F70090BB50 /* CreateWorkoutExercise.swift in Sources */ = {isa = PBXBuildFile; fileRef = 76E495952ACF47F70090BB50 /* CreateWorkoutExercise.swift */; };
/* End PBXBuildFile section */

/* Begin PBXFileReference section */
		764380D52AD01C3E006954AA /* CompactExerciseListItem.swift */ = {isa = PBXFileReference; lastKnownFileType = sourcecode.swift; path = CompactExerciseListItem.swift; sourceTree = "<group>"; };
		764F28A42AD94F950086D034 /* ProfileSettings.swift */ = {isa = PBXFileReference; lastKnownFileType = sourcecode.swift; path = ProfileSettings.swift; sourceTree = "<group>"; };
		765CDA4A2AD8804400D02FCF /* ProfileView.swift */ = {isa = PBXFileReference; lastKnownFileType = sourcecode.swift; path = ProfileView.swift; sourceTree = "<group>"; };
		765CDA4E2AD882CD00D02FCF /* ProfileForm.swift */ = {isa = PBXFileReference; lastKnownFileType = sourcecode.swift; path = ProfileForm.swift; sourceTree = "<group>"; };
		765CDA502AD8875600D02FCF /* ProfileStats.swift */ = {isa = PBXFileReference; lastKnownFileType = sourcecode.swift; path = ProfileStats.swift; sourceTree = "<group>"; };
		765CDA522AD88F1200D02FCF /* ProfileCategories.swift */ = {isa = PBXFileReference; lastKnownFileType = sourcecode.swift; path = ProfileCategories.swift; sourceTree = "<group>"; };
		765CDA542AD89C9C00D02FCF /* CustomCategory.swift */ = {isa = PBXFileReference; lastKnownFileType = sourcecode.swift; path = CustomCategory.swift; sourceTree = "<group>"; };
		766535982AD41E9000C0D4B7 /* ExerciseForm.swift */ = {isa = PBXFileReference; lastKnownFileType = sourcecode.swift; path = ExerciseForm.swift; sourceTree = "<group>"; };
		7665359A2AD420DF00C0D4B7 /* ExerciseCategories.swift */ = {isa = PBXFileReference; lastKnownFileType = sourcecode.swift; path = ExerciseCategories.swift; sourceTree = "<group>"; };
		7665359C2AD4230E00C0D4B7 /* WorkoutForm.swift */ = {isa = PBXFileReference; lastKnownFileType = sourcecode.swift; path = WorkoutForm.swift; sourceTree = "<group>"; };
		7665359E2AD4235900C0D4B7 /* WorkoutCategories.swift */ = {isa = PBXFileReference; lastKnownFileType = sourcecode.swift; path = WorkoutCategories.swift; sourceTree = "<group>"; };
		766535A12AD425DB00C0D4B7 /* DateExtension.swift */ = {isa = PBXFileReference; lastKnownFileType = sourcecode.swift; path = DateExtension.swift; sourceTree = "<group>"; };
		766535A32AD4433200C0D4B7 /* NumberFormatExtension.swift */ = {isa = PBXFileReference; lastKnownFileType = sourcecode.swift; path = NumberFormatExtension.swift; sourceTree = "<group>"; };
		766535A62AD473AF00C0D4B7 /* TabsView.swift */ = {isa = PBXFileReference; lastKnownFileType = sourcecode.swift; path = TabsView.swift; sourceTree = "<group>"; };
		766535A82AD48C3600C0D4B7 /* WorkoutInfoItem.swift */ = {isa = PBXFileReference; lastKnownFileType = sourcecode.swift; path = WorkoutInfoItem.swift; sourceTree = "<group>"; };
		766535AA2AD49BDD00C0D4B7 /* EditWorkout.swift */ = {isa = PBXFileReference; lastKnownFileType = sourcecode.swift; path = EditWorkout.swift; sourceTree = "<group>"; };
		76746B642ACEB0A8006A22B1 /* Weight Training.app */ = {isa = PBXFileReference; explicitFileType = wrapper.application; includeInIndex = 0; path = "Weight Training.app"; sourceTree = BUILT_PRODUCTS_DIR; };
		76746B672ACEB0A8006A22B1 /* Weight_TrainingApp.swift */ = {isa = PBXFileReference; lastKnownFileType = sourcecode.swift; path = Weight_TrainingApp.swift; sourceTree = "<group>"; };
		76746B692ACEB0A8006A22B1 /* ContentView.swift */ = {isa = PBXFileReference; lastKnownFileType = sourcecode.swift; path = ContentView.swift; sourceTree = "<group>"; };
		76746B6B2ACEB0A8006A22B1 /* Exercise.swift */ = {isa = PBXFileReference; lastKnownFileType = sourcecode.swift; path = Exercise.swift; sourceTree = "<group>"; };
		76746B6D2ACEB0A9006A22B1 /* Assets.xcassets */ = {isa = PBXFileReference; lastKnownFileType = folder.assetcatalog; path = Assets.xcassets; sourceTree = "<group>"; };
		76746B6F2ACEB0A9006A22B1 /* Weight_Training.entitlements */ = {isa = PBXFileReference; lastKnownFileType = text.plist.entitlements; path = Weight_Training.entitlements; sourceTree = "<group>"; };
		76746B712ACEB0A9006A22B1 /* Preview Assets.xcassets */ = {isa = PBXFileReference; lastKnownFileType = folder.assetcatalog; path = "Preview Assets.xcassets"; sourceTree = "<group>"; };
		76746B732ACEB0A9006A22B1 /* Info.plist */ = {isa = PBXFileReference; lastKnownFileType = text.plist.xml; path = Info.plist; sourceTree = "<group>"; };
		76746B7B2ACEB28A006A22B1 /* PersonalBestList.swift */ = {isa = PBXFileReference; lastKnownFileType = sourcecode.swift; path = PersonalBestList.swift; sourceTree = "<group>"; };
		76746B7D2ACEB3D7006A22B1 /* CreateExercise.swift */ = {isa = PBXFileReference; lastKnownFileType = sourcecode.swift; path = CreateExercise.swift; sourceTree = "<group>"; };
		76746B7F2ACEB76E006A22B1 /* ExerciseListItem.swift */ = {isa = PBXFileReference; lastKnownFileType = sourcecode.swift; path = ExerciseListItem.swift; sourceTree = "<group>"; };
		76746B812ACEF806006A22B1 /* CustomModifiers.swift */ = {isa = PBXFileReference; lastKnownFileType = sourcecode.swift; path = CustomModifiers.swift; sourceTree = "<group>"; };
		76746B842ACF02E9006A22B1 /* EditExercise.swift */ = {isa = PBXFileReference; lastKnownFileType = sourcecode.swift; path = EditExercise.swift; sourceTree = "<group>"; };
		76943C0D2ACF4D3D0050035D /* WorkoutListItem.swift */ = {isa = PBXFileReference; lastKnownFileType = sourcecode.swift; path = WorkoutListItem.swift; sourceTree = "<group>"; };
		76943C0F2ACF62010050035D /* AllExercises.swift */ = {isa = PBXFileReference; lastKnownFileType = sourcecode.swift; path = AllExercises.swift; sourceTree = "<group>"; };
		76E4958F2ACF3F200090BB50 /* WorkoutList.swift */ = {isa = PBXFileReference; lastKnownFileType = sourcecode.swift; path = WorkoutList.swift; sourceTree = "<group>"; };
		76E495912ACF3FC70090BB50 /* Workout.swift */ = {isa = PBXFileReference; lastKnownFileType = sourcecode.swift; path = Workout.swift; sourceTree = "<group>"; };
		76E495932ACF40C10090BB50 /* CreateWorkout.swift */ = {isa = PBXFileReference; lastKnownFileType = sourcecode.swift; path = CreateWorkout.swift; sourceTree = "<group>"; };
		76E495952ACF47F70090BB50 /* CreateWorkoutExercise.swift */ = {isa = PBXFileReference; lastKnownFileType = sourcecode.swift; path = CreateWorkoutExercise.swift; sourceTree = "<group>"; };
/* End PBXFileReference section */

/* Begin PBXFrameworksBuildPhase section */
		76746B612ACEB0A8006A22B1 /* Frameworks */ = {
			isa = PBXFrameworksBuildPhase;
			buildActionMask = 2147483647;
			files = (
			);
			runOnlyForDeploymentPostprocessing = 0;
		};
/* End PBXFrameworksBuildPhase section */

/* Begin PBXGroup section */
		765CDA492AD8803400D02FCF /* Profile */ = {
			isa = PBXGroup;
			children = (
				765CDA4A2AD8804400D02FCF /* ProfileView.swift */,
				765CDA4E2AD882CD00D02FCF /* ProfileForm.swift */,
				765CDA502AD8875600D02FCF /* ProfileStats.swift */,
				765CDA522AD88F1200D02FCF /* ProfileCategories.swift */,
				764F28A42AD94F950086D034 /* ProfileSettings.swift */,
			);
			path = Profile;
			sourceTree = "<group>";
		};
		766535952AD41E3100C0D4B7 /* Workouts */ = {
			isa = PBXGroup;
			children = (
				76E4958F2ACF3F200090BB50 /* WorkoutList.swift */,
				76E495932ACF40C10090BB50 /* CreateWorkout.swift */,
				76E495952ACF47F70090BB50 /* CreateWorkoutExercise.swift */,
				76943C0D2ACF4D3D0050035D /* WorkoutListItem.swift */,
				766535A82AD48C3600C0D4B7 /* WorkoutInfoItem.swift */,
				766535AA2AD49BDD00C0D4B7 /* EditWorkout.swift */,
			);
			path = Workouts;
			sourceTree = "<group>";
		};
		766535962AD41E4400C0D4B7 /* Exercises */ = {
			isa = PBXGroup;
			children = (
				76746B7B2ACEB28A006A22B1 /* PersonalBestList.swift */,
				76746B7D2ACEB3D7006A22B1 /* CreateExercise.swift */,
				76746B7F2ACEB76E006A22B1 /* ExerciseListItem.swift */,
				76746B842ACF02E9006A22B1 /* EditExercise.swift */,
				76943C0F2ACF62010050035D /* AllExercises.swift */,
				764380D52AD01C3E006954AA /* CompactExerciseListItem.swift */,
			);
			path = Exercises;
			sourceTree = "<group>";
		};
		766535972AD41E8500C0D4B7 /* Forms */ = {
			isa = PBXGroup;
			children = (
				766535982AD41E9000C0D4B7 /* ExerciseForm.swift */,
				7665359C2AD4230E00C0D4B7 /* WorkoutForm.swift */,
			);
			path = Forms;
			sourceTree = "<group>";
		};
		766535A02AD425CD00C0D4B7 /* Extensions */ = {
			isa = PBXGroup;
			children = (
				766535A12AD425DB00C0D4B7 /* DateExtension.swift */,
				766535A32AD4433200C0D4B7 /* NumberFormatExtension.swift */,
			);
			path = Extensions;
			sourceTree = "<group>";
		};
		766535A52AD473A000C0D4B7 /* Navigation */ = {
			isa = PBXGroup;
			children = (
				766535A62AD473AF00C0D4B7 /* TabsView.swift */,
			);
			path = Navigation;
			sourceTree = "<group>";
		};
		76746B5B2ACEB0A8006A22B1 = {
			isa = PBXGroup;
			children = (
				76746B662ACEB0A8006A22B1 /* Weight Training */,
				76746B652ACEB0A8006A22B1 /* Products */,
			);
			sourceTree = "<group>";
		};
		76746B652ACEB0A8006A22B1 /* Products */ = {
			isa = PBXGroup;
			children = (
				76746B642ACEB0A8006A22B1 /* Weight Training.app */,
			);
			name = Products;
			sourceTree = "<group>";
		};
		76746B662ACEB0A8006A22B1 /* Weight Training */ = {
			isa = PBXGroup;
			children = (
				766535A02AD425CD00C0D4B7 /* Extensions */,
				76746B832ACEF80A006A22B1 /* Styles */,
				76746B7A2ACEB277006A22B1 /* Views */,
				76746B792ACEB270006A22B1 /* Models */,
				76746B672ACEB0A8006A22B1 /* Weight_TrainingApp.swift */,
				76746B692ACEB0A8006A22B1 /* ContentView.swift */,
				76746B6D2ACEB0A9006A22B1 /* Assets.xcassets */,
				76746B6F2ACEB0A9006A22B1 /* Weight_Training.entitlements */,
				76746B732ACEB0A9006A22B1 /* Info.plist */,
				76746B702ACEB0A9006A22B1 /* Preview Content */,
			);
			path = "Weight Training";
			sourceTree = "<group>";
		};
		76746B702ACEB0A9006A22B1 /* Preview Content */ = {
			isa = PBXGroup;
			children = (
				76746B712ACEB0A9006A22B1 /* Preview Assets.xcassets */,
			);
			path = "Preview Content";
			sourceTree = "<group>";
		};
		76746B792ACEB270006A22B1 /* Models */ = {
			isa = PBXGroup;
			children = (
				76746B6B2ACEB0A8006A22B1 /* Exercise.swift */,
				76E495912ACF3FC70090BB50 /* Workout.swift */,
				7665359A2AD420DF00C0D4B7 /* ExerciseCategories.swift */,
				7665359E2AD4235900C0D4B7 /* WorkoutCategories.swift */,
				765CDA542AD89C9C00D02FCF /* CustomCategory.swift */,
			);
			path = Models;
			sourceTree = "<group>";
		};
		76746B7A2ACEB277006A22B1 /* Views */ = {
			isa = PBXGroup;
			children = (
				765CDA492AD8803400D02FCF /* Profile */,
				766535A52AD473A000C0D4B7 /* Navigation */,
				766535972AD41E8500C0D4B7 /* Forms */,
				766535962AD41E4400C0D4B7 /* Exercises */,
				766535952AD41E3100C0D4B7 /* Workouts */,
			);
			path = Views;
			sourceTree = "<group>";
		};
		76746B832ACEF80A006A22B1 /* Styles */ = {
			isa = PBXGroup;
			children = (
				76746B812ACEF806006A22B1 /* CustomModifiers.swift */,
			);
			path = Styles;
			sourceTree = "<group>";
		};
/* End PBXGroup section */

/* Begin PBXNativeTarget section */
		76746B632ACEB0A8006A22B1 /* Weight Training */ = {
			isa = PBXNativeTarget;
			buildConfigurationList = 76746B762ACEB0A9006A22B1 /* Build configuration list for PBXNativeTarget "Weight Training" */;
			buildPhases = (
				76746B602ACEB0A8006A22B1 /* Sources */,
				76746B612ACEB0A8006A22B1 /* Frameworks */,
				76746B622ACEB0A8006A22B1 /* Resources */,
			);
			buildRules = (
			);
			dependencies = (
			);
			name = "Weight Training";
			productName = "Weight Training";
			productReference = 76746B642ACEB0A8006A22B1 /* Weight Training.app */;
			productType = "com.apple.product-type.application";
		};
/* End PBXNativeTarget section */

/* Begin PBXProject section */
		76746B5C2ACEB0A8006A22B1 /* Project object */ = {
			isa = PBXProject;
			attributes = {
				BuildIndependentTargetsInParallel = 1;
				LastSwiftUpdateCheck = 1500;
				LastUpgradeCheck = 1500;
				TargetAttributes = {
					76746B632ACEB0A8006A22B1 = {
						CreatedOnToolsVersion = 15.0;
					};
				};
			};
			buildConfigurationList = 76746B5F2ACEB0A8006A22B1 /* Build configuration list for PBXProject "Weight Training" */;
			compatibilityVersion = "Xcode 14.0";
			developmentRegion = en;
			hasScannedForEncodings = 0;
			knownRegions = (
				en,
				Base,
			);
			mainGroup = 76746B5B2ACEB0A8006A22B1;
			productRefGroup = 76746B652ACEB0A8006A22B1 /* Products */;
			projectDirPath = "";
			projectRoot = "";
			targets = (
				76746B632ACEB0A8006A22B1 /* Weight Training */,
			);
		};
/* End PBXProject section */

/* Begin PBXResourcesBuildPhase section */
		76746B622ACEB0A8006A22B1 /* Resources */ = {
			isa = PBXResourcesBuildPhase;
			buildActionMask = 2147483647;
			files = (
				76746B722ACEB0A9006A22B1 /* Preview Assets.xcassets in Resources */,
				76746B6E2ACEB0A9006A22B1 /* Assets.xcassets in Resources */,
			);
			runOnlyForDeploymentPostprocessing = 0;
		};
/* End PBXResourcesBuildPhase section */

/* Begin PBXSourcesBuildPhase section */
		76746B602ACEB0A8006A22B1 /* Sources */ = {
			isa = PBXSourcesBuildPhase;
			buildActionMask = 2147483647;
			files = (
				765CDA532AD88F1200D02FCF /* ProfileCategories.swift in Sources */,
				766535A72AD473AF00C0D4B7 /* TabsView.swift in Sources */,
				765CDA512AD8875600D02FCF /* ProfileStats.swift in Sources */,
				76746B6A2ACEB0A8006A22B1 /* ContentView.swift in Sources */,
				766535A42AD4433200C0D4B7 /* NumberFormatExtension.swift in Sources */,
				766535A22AD425DB00C0D4B7 /* DateExtension.swift in Sources */,
				76746B6C2ACEB0A8006A22B1 /* Exercise.swift in Sources */,
				76746B802ACEB76E006A22B1 /* ExerciseListItem.swift in Sources */,
				764F28A52AD94F950086D034 /* ProfileSettings.swift in Sources */,
				76E495922ACF3FC70090BB50 /* Workout.swift in Sources */,
				765CDA4B2AD8804400D02FCF /* ProfileView.swift in Sources */,
				76746B852ACF02E9006A22B1 /* EditExercise.swift in Sources */,
				76E495962ACF47F70090BB50 /* CreateWorkoutExercise.swift in Sources */,
				76746B682ACEB0A8006A22B1 /* Weight_TrainingApp.swift in Sources */,
				7665359B2AD420DF00C0D4B7 /* ExerciseCategories.swift in Sources */,
				76943C102ACF62010050035D /* AllExercises.swift in Sources */,
				7665359D2AD4230E00C0D4B7 /* WorkoutForm.swift in Sources */,
				76746B7E2ACEB3D7006A22B1 /* CreateExercise.swift in Sources */,
				765CDA552AD89C9C00D02FCF /* CustomCategory.swift in Sources */,
				766535992AD41E9000C0D4B7 /* ExerciseForm.swift in Sources */,
				766535A92AD48C3600C0D4B7 /* WorkoutInfoItem.swift in Sources */,
				76E495902ACF3F200090BB50 /* WorkoutList.swift in Sources */,
				7665359F2AD4235900C0D4B7 /* WorkoutCategories.swift in Sources */,
				76746B822ACEF806006A22B1 /* CustomModifiers.swift in Sources */,
				76E495942ACF40C10090BB50 /* CreateWorkout.swift in Sources */,
				76746B7C2ACEB28A006A22B1 /* PersonalBestList.swift in Sources */,
				766535AB2AD49BDD00C0D4B7 /* EditWorkout.swift in Sources */,
				765CDA4F2AD882CD00D02FCF /* ProfileForm.swift in Sources */,
				76943C0E2ACF4D3D0050035D /* WorkoutListItem.swift in Sources */,
				764380D62AD01C3E006954AA /* CompactExerciseListItem.swift in Sources */,
			);
			runOnlyForDeploymentPostprocessing = 0;
		};
/* End PBXSourcesBuildPhase section */

/* Begin XCBuildConfiguration section */
		76746B742ACEB0A9006A22B1 /* Debug */ = {
			isa = XCBuildConfiguration;
			buildSettings = {
				ALWAYS_SEARCH_USER_PATHS = NO;
				ASSETCATALOG_COMPILER_GENERATE_SWIFT_ASSET_SYMBOL_EXTENSIONS = YES;
				CLANG_ANALYZER_NONNULL = YES;
				CLANG_ANALYZER_NUMBER_OBJECT_CONVERSION = YES_AGGRESSIVE;
				CLANG_CXX_LANGUAGE_STANDARD = "gnu++20";
				CLANG_ENABLE_MODULES = YES;
				CLANG_ENABLE_OBJC_ARC = YES;
				CLANG_ENABLE_OBJC_WEAK = YES;
				CLANG_WARN_BLOCK_CAPTURE_AUTORELEASING = YES;
				CLANG_WARN_BOOL_CONVERSION = YES;
				CLANG_WARN_COMMA = YES;
				CLANG_WARN_CONSTANT_CONVERSION = YES;
				CLANG_WARN_DEPRECATED_OBJC_IMPLEMENTATIONS = YES;
				CLANG_WARN_DIRECT_OBJC_ISA_USAGE = YES_ERROR;
				CLANG_WARN_DOCUMENTATION_COMMENTS = YES;
				CLANG_WARN_EMPTY_BODY = YES;
				CLANG_WARN_ENUM_CONVERSION = YES;
				CLANG_WARN_INFINITE_RECURSION = YES;
				CLANG_WARN_INT_CONVERSION = YES;
				CLANG_WARN_NON_LITERAL_NULL_CONVERSION = YES;
				CLANG_WARN_OBJC_IMPLICIT_RETAIN_SELF = YES;
				CLANG_WARN_OBJC_LITERAL_CONVERSION = YES;
				CLANG_WARN_OBJC_ROOT_CLASS = YES_ERROR;
				CLANG_WARN_QUOTED_INCLUDE_IN_FRAMEWORK_HEADER = YES;
				CLANG_WARN_RANGE_LOOP_ANALYSIS = YES;
				CLANG_WARN_STRICT_PROTOTYPES = YES;
				CLANG_WARN_SUSPICIOUS_MOVE = YES;
				CLANG_WARN_UNGUARDED_AVAILABILITY = YES_AGGRESSIVE;
				CLANG_WARN_UNREACHABLE_CODE = YES;
				CLANG_WARN__DUPLICATE_METHOD_MATCH = YES;
				COPY_PHASE_STRIP = NO;
				DEBUG_INFORMATION_FORMAT = dwarf;
				ENABLE_STRICT_OBJC_MSGSEND = YES;
				ENABLE_TESTABILITY = YES;
				ENABLE_USER_SCRIPT_SANDBOXING = YES;
				GCC_C_LANGUAGE_STANDARD = gnu17;
				GCC_DYNAMIC_NO_PIC = NO;
				GCC_NO_COMMON_BLOCKS = YES;
				GCC_OPTIMIZATION_LEVEL = 0;
				GCC_PREPROCESSOR_DEFINITIONS = (
					"DEBUG=1",
					"$(inherited)",
				);
				GCC_WARN_64_TO_32_BIT_CONVERSION = YES;
				GCC_WARN_ABOUT_RETURN_TYPE = YES_ERROR;
				GCC_WARN_UNDECLARED_SELECTOR = YES;
				GCC_WARN_UNINITIALIZED_AUTOS = YES_AGGRESSIVE;
				GCC_WARN_UNUSED_FUNCTION = YES;
				GCC_WARN_UNUSED_VARIABLE = YES;
				LOCALIZATION_PREFERS_STRING_CATALOGS = YES;
				MTL_ENABLE_DEBUG_INFO = INCLUDE_SOURCE;
				MTL_FAST_MATH = YES;
				ONLY_ACTIVE_ARCH = YES;
				SWIFT_ACTIVE_COMPILATION_CONDITIONS = "DEBUG $(inherited)";
				SWIFT_OPTIMIZATION_LEVEL = "-Onone";
			};
			name = Debug;
		};
		76746B752ACEB0A9006A22B1 /* Release */ = {
			isa = XCBuildConfiguration;
			buildSettings = {
				ALWAYS_SEARCH_USER_PATHS = NO;
				ASSETCATALOG_COMPILER_GENERATE_SWIFT_ASSET_SYMBOL_EXTENSIONS = YES;
				CLANG_ANALYZER_NONNULL = YES;
				CLANG_ANALYZER_NUMBER_OBJECT_CONVERSION = YES_AGGRESSIVE;
				CLANG_CXX_LANGUAGE_STANDARD = "gnu++20";
				CLANG_ENABLE_MODULES = YES;
				CLANG_ENABLE_OBJC_ARC = YES;
				CLANG_ENABLE_OBJC_WEAK = YES;
				CLANG_WARN_BLOCK_CAPTURE_AUTORELEASING = YES;
				CLANG_WARN_BOOL_CONVERSION = YES;
				CLANG_WARN_COMMA = YES;
				CLANG_WARN_CONSTANT_CONVERSION = YES;
				CLANG_WARN_DEPRECATED_OBJC_IMPLEMENTATIONS = YES;
				CLANG_WARN_DIRECT_OBJC_ISA_USAGE = YES_ERROR;
				CLANG_WARN_DOCUMENTATION_COMMENTS = YES;
				CLANG_WARN_EMPTY_BODY = YES;
				CLANG_WARN_ENUM_CONVERSION = YES;
				CLANG_WARN_INFINITE_RECURSION = YES;
				CLANG_WARN_INT_CONVERSION = YES;
				CLANG_WARN_NON_LITERAL_NULL_CONVERSION = YES;
				CLANG_WARN_OBJC_IMPLICIT_RETAIN_SELF = YES;
				CLANG_WARN_OBJC_LITERAL_CONVERSION = YES;
				CLANG_WARN_OBJC_ROOT_CLASS = YES_ERROR;
				CLANG_WARN_QUOTED_INCLUDE_IN_FRAMEWORK_HEADER = YES;
				CLANG_WARN_RANGE_LOOP_ANALYSIS = YES;
				CLANG_WARN_STRICT_PROTOTYPES = YES;
				CLANG_WARN_SUSPICIOUS_MOVE = YES;
				CLANG_WARN_UNGUARDED_AVAILABILITY = YES_AGGRESSIVE;
				CLANG_WARN_UNREACHABLE_CODE = YES;
				CLANG_WARN__DUPLICATE_METHOD_MATCH = YES;
				COPY_PHASE_STRIP = NO;
				DEBUG_INFORMATION_FORMAT = "dwarf-with-dsym";
				ENABLE_NS_ASSERTIONS = NO;
				ENABLE_STRICT_OBJC_MSGSEND = YES;
				ENABLE_USER_SCRIPT_SANDBOXING = YES;
				GCC_C_LANGUAGE_STANDARD = gnu17;
				GCC_NO_COMMON_BLOCKS = YES;
				GCC_WARN_64_TO_32_BIT_CONVERSION = YES;
				GCC_WARN_ABOUT_RETURN_TYPE = YES_ERROR;
				GCC_WARN_UNDECLARED_SELECTOR = YES;
				GCC_WARN_UNINITIALIZED_AUTOS = YES_AGGRESSIVE;
				GCC_WARN_UNUSED_FUNCTION = YES;
				GCC_WARN_UNUSED_VARIABLE = YES;
				LOCALIZATION_PREFERS_STRING_CATALOGS = YES;
				MTL_ENABLE_DEBUG_INFO = NO;
				MTL_FAST_MATH = YES;
				SWIFT_COMPILATION_MODE = wholemodule;
			};
			name = Release;
		};
		76746B772ACEB0A9006A22B1 /* Debug */ = {
			isa = XCBuildConfiguration;
			buildSettings = {
				ASSETCATALOG_COMPILER_APPICON_NAME = AppIcon;
				ASSETCATALOG_COMPILER_GLOBAL_ACCENT_COLOR_NAME = AccentColor;
				CODE_SIGN_ENTITLEMENTS = "Weight Training/Weight_Training.entitlements";
				CODE_SIGN_STYLE = Automatic;
				CURRENT_PROJECT_VERSION = 1;
				DEVELOPMENT_ASSET_PATHS = "\"Weight Training/Preview Content\"";
				DEVELOPMENT_TEAM = W8974D23AK;
				ENABLE_HARDENED_RUNTIME = YES;
				ENABLE_PREVIEWS = YES;
				GENERATE_INFOPLIST_FILE = YES;
				INFOPLIST_FILE = "Weight Training/Info.plist";
				INFOPLIST_KEY_CFBundleDisplayName = "Personal Bests";
				INFOPLIST_KEY_LSApplicationCategoryType = "public.app-category.healthcare-fitness";
				"INFOPLIST_KEY_UIApplicationSceneManifest_Generation[sdk=iphoneos*]" = YES;
				"INFOPLIST_KEY_UIApplicationSceneManifest_Generation[sdk=iphonesimulator*]" = YES;
				"INFOPLIST_KEY_UIApplicationSupportsIndirectInputEvents[sdk=iphoneos*]" = YES;
				"INFOPLIST_KEY_UIApplicationSupportsIndirectInputEvents[sdk=iphonesimulator*]" = YES;
				"INFOPLIST_KEY_UILaunchScreen_Generation[sdk=iphoneos*]" = YES;
				"INFOPLIST_KEY_UILaunchScreen_Generation[sdk=iphonesimulator*]" = YES;
				"INFOPLIST_KEY_UIStatusBarStyle[sdk=iphoneos*]" = UIStatusBarStyleDefault;
				"INFOPLIST_KEY_UIStatusBarStyle[sdk=iphonesimulator*]" = UIStatusBarStyleDefault;
				INFOPLIST_KEY_UISupportedInterfaceOrientations_iPad = "UIInterfaceOrientationPortrait UIInterfaceOrientationPortraitUpsideDown UIInterfaceOrientationLandscapeLeft UIInterfaceOrientationLandscapeRight";
				INFOPLIST_KEY_UISupportedInterfaceOrientations_iPhone = "UIInterfaceOrientationPortrait UIInterfaceOrientationLandscapeLeft UIInterfaceOrientationLandscapeRight";
				IPHONEOS_DEPLOYMENT_TARGET = 17.0;
				LD_RUNPATH_SEARCH_PATHS = "@executable_path/Frameworks";
				"LD_RUNPATH_SEARCH_PATHS[sdk=macosx*]" = "@executable_path/../Frameworks";
				MACOSX_DEPLOYMENT_TARGET = 14.0;
				MARKETING_VERSION = 1.1.9;
				PRODUCT_BUNDLE_IDENTIFIER = "matt54633.Weight-Training";
				PRODUCT_NAME = "$(TARGET_NAME)";
				SDKROOT = auto;
				SUPPORTED_PLATFORMS = "iphoneos iphonesimulator macosx";
				SWIFT_EMIT_LOC_STRINGS = YES;
				SWIFT_VERSION = 5.0;
				TARGETED_DEVICE_FAMILY = "1,2";
			};
			name = Debug;
		};
		76746B782ACEB0A9006A22B1 /* Release */ = {
			isa = XCBuildConfiguration;
			buildSettings = {
				ASSETCATALOG_COMPILER_APPICON_NAME = AppIcon;
				ASSETCATALOG_COMPILER_GLOBAL_ACCENT_COLOR_NAME = AccentColor;
				CODE_SIGN_ENTITLEMENTS = "Weight Training/Weight_Training.entitlements";
				CODE_SIGN_STYLE = Automatic;
				CURRENT_PROJECT_VERSION = 1;
				DEVELOPMENT_ASSET_PATHS = "\"Weight Training/Preview Content\"";
				DEVELOPMENT_TEAM = W8974D23AK;
				ENABLE_HARDENED_RUNTIME = YES;
				ENABLE_PREVIEWS = YES;
				GENERATE_INFOPLIST_FILE = YES;
				INFOPLIST_FILE = "Weight Training/Info.plist";
				INFOPLIST_KEY_CFBundleDisplayName = "Personal Bests";
				INFOPLIST_KEY_LSApplicationCategoryType = "public.app-category.healthcare-fitness";
				"INFOPLIST_KEY_UIApplicationSceneManifest_Generation[sdk=iphoneos*]" = YES;
				"INFOPLIST_KEY_UIApplicationSceneManifest_Generation[sdk=iphonesimulator*]" = YES;
				"INFOPLIST_KEY_UIApplicationSupportsIndirectInputEvents[sdk=iphoneos*]" = YES;
				"INFOPLIST_KEY_UIApplicationSupportsIndirectInputEvents[sdk=iphonesimulator*]" = YES;
				"INFOPLIST_KEY_UILaunchScreen_Generation[sdk=iphoneos*]" = YES;
				"INFOPLIST_KEY_UILaunchScreen_Generation[sdk=iphonesimulator*]" = YES;
				"INFOPLIST_KEY_UIStatusBarStyle[sdk=iphoneos*]" = UIStatusBarStyleDefault;
				"INFOPLIST_KEY_UIStatusBarStyle[sdk=iphonesimulator*]" = UIStatusBarStyleDefault;
				INFOPLIST_KEY_UISupportedInterfaceOrientations_iPad = "UIInterfaceOrientationPortrait UIInterfaceOrientationPortraitUpsideDown UIInterfaceOrientationLandscapeLeft UIInterfaceOrientationLandscapeRight";
				INFOPLIST_KEY_UISupportedInterfaceOrientations_iPhone = "UIInterfaceOrientationPortrait UIInterfaceOrientationLandscapeLeft UIInterfaceOrientationLandscapeRight";
				IPHONEOS_DEPLOYMENT_TARGET = 17.0;
				LD_RUNPATH_SEARCH_PATHS = "@executable_path/Frameworks";
				"LD_RUNPATH_SEARCH_PATHS[sdk=macosx*]" = "@executable_path/../Frameworks";
				MACOSX_DEPLOYMENT_TARGET = 14.0;
				MARKETING_VERSION = 1.1.9;
				PRODUCT_BUNDLE_IDENTIFIER = "matt54633.Weight-Training";
				PRODUCT_NAME = "$(TARGET_NAME)";
				SDKROOT = auto;
				SUPPORTED_PLATFORMS = "iphoneos iphonesimulator macosx";
				SWIFT_EMIT_LOC_STRINGS = YES;
				SWIFT_VERSION = 5.0;
				TARGETED_DEVICE_FAMILY = "1,2";
			};
			name = Release;
		};
/* End XCBuildConfiguration section */

/* Begin XCConfigurationList section */
		76746B5F2ACEB0A8006A22B1 /* Build configuration list for PBXProject "Weight Training" */ = {
			isa = XCConfigurationList;
			buildConfigurations = (
				76746B742ACEB0A9006A22B1 /* Debug */,
				76746B752ACEB0A9006A22B1 /* Release */,
			);
			defaultConfigurationIsVisible = 0;
			defaultConfigurationName = Release;
		};
		76746B762ACEB0A9006A22B1 /* Build configuration list for PBXNativeTarget "Weight Training" */ = {
			isa = XCConfigurationList;
			buildConfigurations = (
				76746B772ACEB0A9006A22B1 /* Debug */,
				76746B782ACEB0A9006A22B1 /* Release */,
			);
			defaultConfigurationIsVisible = 0;
			defaultConfigurationName = Release;
		};
/* End XCConfigurationList section */
	};
	rootObject = 76746B5C2ACEB0A8006A22B1 /* Project object */;
}
